
Microsoft Visual Studio Solution File, Format Version 12.00
# Visual Studio Version 17
VisualStudioVersion = 17.5.33414.496
MinimumVisualStudioVersion = 10.0.40219.1
Project("{FAE04EC0-301F-11D3-BF4B-00C04F79EFBC}") = "dllCallback", "dllCallback\dllCallback.csproj", "{8BBC821E-B9C1-4602-BFE2-D2D6F11A9A38}"
EndProject
Project("{8BC9CEB8-8B4A-11D0-8D11-00A0C91BC942}") = "ALL_BUILD", "..\..\..\Desktop\ArmDllTest-repo\build\ALL_BUILD.vcxproj", "{E214104F-0BEF-304D-A117-40C49E459460}"
EndProject
Project("{8BC9CEB8-8B4A-11D0-8D11-00A0C91BC942}") = "script_arm", "..\..\..\Desktop\ArmDllTest-repo\build\src\armlib\script_arm.vcxproj", "{79A94E77-377B-39B5-9295-3C1D0458ECBF}"
EndProject
Global
	GlobalSection(SolutionConfigurationPlatforms) = preSolution
		Debug|Any CPU = Debug|Any CPU
		Debug|x64 = Debug|x64
		MinSizeRel|Any CPU = MinSizeRel|Any CPU
		MinSizeRel|x64 = MinSizeRel|x64
		Release|Any CPU = Release|Any CPU
		Release|x64 = Release|x64
		RelWithDebInfo|Any CPU = RelWithDebInfo|Any CPU
		RelWithDebInfo|x64 = RelWithDebInfo|x64
	EndGlobalSection
	GlobalSection(ProjectConfigurationPlatforms) = postSolution
		{8BBC821E-B9C1-4602-BFE2-D2D6F11A9A38}.Debug|Any CPU.ActiveCfg = Debug|Any CPU
		{8BBC821E-B9C1-4602-BFE2-D2D6F11A9A38}.Debug|Any CPU.Build.0 = Debug|Any CPU
		{8BBC821E-B9C1-4602-BFE2-D2D6F11A9A38}.Debug|x64.ActiveCfg = Debug|Any CPU
		{8BBC821E-B9C1-4602-BFE2-D2D6F11A9A38}.Debug|x64.Build.0 = Debug|Any CPU
		{8BBC821E-B9C1-4602-BFE2-D2D6F11A9A38}.MinSizeRel|Any CPU.ActiveCfg = Debug|Any CPU
		{8BBC821E-B9C1-4602-BFE2-D2D6F11A9A38}.MinSizeRel|Any CPU.Build.0 = Debug|Any CPU
		{8BBC821E-B9C1-4602-BFE2-D2D6F11A9A38}.MinSizeRel|x64.ActiveCfg = Debug|Any CPU
		{8BBC821E-B9C1-4602-BFE2-D2D6F11A9A38}.MinSizeRel|x64.Build.0 = Debug|Any CPU
		{8BBC821E-B9C1-4602-BFE2-D2D6F11A9A38}.Release|Any CPU.ActiveCfg = Release|Any CPU
		{8BBC821E-B9C1-4602-BFE2-D2D6F11A9A38}.Release|Any CPU.Build.0 = Release|Any CPU
		{8BBC821E-B9C1-4602-BFE2-D2D6F11A9A38}.Release|x64.ActiveCfg = Release|Any CPU
		{8BBC821E-B9C1-4602-BFE2-D2D6F11A9A38}.Release|x64.Build.0 = Release|Any CPU
		{8BBC821E-B9C1-4602-BFE2-D2D6F11A9A38}.RelWithDebInfo|Any CPU.ActiveCfg = Release|Any CPU
		{8BBC821E-B9C1-4602-BFE2-D2D6F11A9A38}.RelWithDebInfo|Any CPU.Build.0 = Release|Any CPU
		{8BBC821E-B9C1-4602-BFE2-D2D6F11A9A38}.RelWithDebInfo|x64.ActiveCfg = Release|Any CPU
		{8BBC821E-B9C1-4602-BFE2-D2D6F11A9A38}.RelWithDebInfo|x64.Build.0 = Release|Any CPU
		{E214104F-0BEF-304D-A117-40C49E459460}.Debug|Any CPU.ActiveCfg = Debug|x64
		{E214104F-0BEF-304D-A117-40C49E459460}.Debug|Any CPU.Build.0 = Debug|x64
		{E214104F-0BEF-304D-A117-40C49E459460}.Debug|x64.ActiveCfg = Debug|x64
		{E214104F-0BEF-304D-A117-40C49E459460}.Debug|x64.Build.0 = Debug|x64
		{E214104F-0BEF-304D-A117-40C49E459460}.MinSizeRel|Any CPU.ActiveCfg = MinSizeRel|x64
		{E214104F-0BEF-304D-A117-40C49E459460}.MinSizeRel|Any CPU.Build.0 = MinSizeRel|x64
		{E214104F-0BEF-304D-A117-40C49E459460}.MinSizeRel|x64.ActiveCfg = MinSizeRel|x64
		{E214104F-0BEF-304D-A117-40C49E459460}.MinSizeRel|x64.Build.0 = MinSizeRel|x64
		{E214104F-0BEF-304D-A117-40C49E459460}.Release|Any CPU.ActiveCfg = Release|x64
		{E214104F-0BEF-304D-A117-40C49E459460}.Release|Any CPU.Build.0 = Release|x64
		{E214104F-0BEF-304D-A117-40C49E459460}.Release|x64.ActiveCfg = Release|x64
		{E214104F-0BEF-304D-A117-40C49E459460}.Release|x64.Build.0 = Release|x64
		{E214104F-0BEF-304D-A117-40C49E459460}.RelWithDebInfo|Any CPU.ActiveCfg = RelWithDebInfo|x64
		{E214104F-0BEF-304D-A117-40C49E459460}.RelWithDebInfo|Any CPU.Build.0 = RelWithDebInfo|x64
		{E214104F-0BEF-304D-A117-40C49E459460}.RelWithDebInfo|x64.ActiveCfg = RelWithDebInfo|x64
		{E214104F-0BEF-304D-A117-40C49E459460}.RelWithDebInfo|x64.Build.0 = RelWithDebInfo|x64
		{79A94E77-377B-39B5-9295-3C1D0458ECBF}.Debug|Any CPU.ActiveCfg = Debug|x64
		{79A94E77-377B-39B5-9295-3C1D0458ECBF}.Debug|Any CPU.Build.0 = Debug|x64
		{79A94E77-377B-39B5-9295-3C1D0458ECBF}.Debug|x64.ActiveCfg = Debug|x64
		{79A94E77-377B-39B5-9295-3C1D0458ECBF}.Debug|x64.Build.0 = Debug|x64
		{79A94E77-377B-39B5-9295-3C1D0458ECBF}.MinSizeRel|Any CPU.ActiveCfg = MinSizeRel|x64
		{79A94E77-377B-39B5-9295-3C1D0458ECBF}.MinSizeRel|Any CPU.Build.0 = MinSizeRel|x64
		{79A94E77-377B-39B5-9295-3C1D0458ECBF}.MinSizeRel|x64.ActiveCfg = MinSizeRel|x64
		{79A94E77-377B-39B5-9295-3C1D0458ECBF}.MinSizeRel|x64.Build.0 = MinSizeRel|x64
		{79A94E77-377B-39B5-9295-3C1D0458ECBF}.Release|Any CPU.ActiveCfg = Release|x64
		{79A94E77-377B-39B5-9295-3C1D0458ECBF}.Release|Any CPU.Build.0 = Release|x64
		{79A94E77-377B-39B5-9295-3C1D0458ECBF}.Release|x64.ActiveCfg = Release|x64
		{79A94E77-377B-39B5-9295-3C1D0458ECBF}.Release|x64.Build.0 = Release|x64
		{79A94E77-377B-39B5-9295-3C1D0458ECBF}.RelWithDebInfo|Any CPU.ActiveCfg = RelWithDebInfo|x64
		{79A94E77-377B-39B5-9295-3C1D0458ECBF}.RelWithDebInfo|Any CPU.Build.0 = RelWithDebInfo|x64
		{79A94E77-377B-39B5-9295-3C1D0458ECBF}.RelWithDebInfo|x64.ActiveCfg = RelWithDebInfo|x64
		{79A94E77-377B-39B5-9295-3C1D0458ECBF}.RelWithDebInfo|x64.Build.0 = RelWithDebInfo|x64
	EndGlobalSection
	GlobalSection(SolutionProperties) = preSolution
		HideSolutionNode = FALSE
	EndGlobalSection
	GlobalSection(ExtensibilityGlobals) = postSolution
		SolutionGuid = {12692800-EC16-4031-96A7-D77A7D4BBB9D}
	EndGlobalSection
EndGlobal
